# This file is generated by running "yarn install" inside your project.
# Manual changes might be lost - proceed with caution!

__metadata:
  version: 8
  cacheKey: 10c0

"@babel/runtime@npm:^7.8.4":
  version: 7.22.15
  resolution: "@babel/runtime@npm:7.22.15"
  dependencies:
    regenerator-runtime: "npm:^0.14.0"
  checksum: 10c0/96b74adfd1db812d06ed56d9db12acecfc844d252b93994ce4901433957bd28affba725622a4dc9e7f76384c4cb6cadc3d620d07817c8be9156eaedba5eea059
  languageName: node
  linkType: hard

"balanced-match@npm:^1.0.0":
  version: 1.0.2
  resolution: "balanced-match@npm:1.0.2"
  checksum: 10c0/9308baf0a7e4838a82bbfd11e01b1cb0f0cf2893bc1676c27c2a8c0e70cbae1c59120c3268517a8ae7fb6376b4639ef81ca22582611dbee4ed28df945134aaee
  languageName: node
  linkType: hard

"bootstrap@npm:^3.4.1":
  version: 3.4.1
  resolution: "bootstrap@npm:3.4.1"
  checksum: 10c0/3ac443985a432fd77f1d6df2972d8f0a06e93bb0e10893fa890e6503e6d2b36e601f4a9894429223afa867c2232ead1af5c55ded4c23a64dc706ca25e49dc2da
  languageName: node
  linkType: hard

"brace-expansion@npm:^1.1.7":
  version: 1.1.11
  resolution: "brace-expansion@npm:1.1.11"
  dependencies:
    balanced-match: "npm:^1.0.0"
    concat-map: "npm:0.0.1"
  checksum: 10c0/695a56cd058096a7cb71fb09d9d6a7070113c7be516699ed361317aca2ec169f618e28b8af352e02ab4233fb54eb0168460a40dc320bab0034b36ab59aaad668
  languageName: node
  linkType: hard

"concat-map@npm:0.0.1":
  version: 0.0.1
  resolution: "concat-map@npm:0.0.1"
  checksum: 10c0/c996b1cfdf95b6c90fee4dae37e332c8b6eb7d106430c17d538034c0ad9a1630cb194d2ab37293b1bdd4d779494beee7786d586a50bd9376fd6f7bcc2bd4c98f
  languageName: node
  linkType: hard

"corejs-typeahead@npm:^1.3.3":
  version: 1.3.3
  resolution: "corejs-typeahead@npm:1.3.3"
  dependencies:
    jquery: "npm:>=1.11"
  checksum: 10c0/75aff17f45fc18dfbeff621358caa909632c412200c49a614353d3727869ca35cd9bb87179dbd33a6606b0173138aaad24bf8e44aa7dc5d0964072836d34fa90
  languageName: node
  linkType: hard

"dot@npm:^1.1.3":
  version: 1.1.3
  resolution: "dot@npm:1.1.3"
  bin:
    dottojs: ./bin/dot-packer
  checksum: 10c0/d5aae2b065711121b533ea1fa2757d74fdcc611c98449bb99c613df181fff813920f3661d304aacf88211d3f2369755e82d48a5d3e547eab09efa7058b278e7f
  languageName: node
  linkType: hard

"foreachasync@npm:^3.0.0":
  version: 3.0.0
  resolution: "foreachasync@npm:3.0.0"
  checksum: 10c0/8ad877008da351fa78939e850c6014e94b8b9c6de3d12751b2b906ef96f8c80945310d998b2a704854e126c508237dc9951f6900685ccc42c93db15b09a0c4b3
  languageName: node
  linkType: hard

"jquery@npm:>=1.11":
  version: 3.7.0
  resolution: "jquery@npm:3.7.0"
  checksum: 10c0/2eea1d9ce48fabd0d8736b8bed2e2087c33f038a077ea9f8dcbad55b07c3a1abc226898f498fc992b7fb02c1296cbe79d6283902a9d2027ed41efab04d86da6f
  languageName: node
  linkType: hard

"jquery@npm:^3.7.1":
  version: 3.7.1
  resolution: "jquery@npm:3.7.1"
  checksum: 10c0/808cfbfb758438560224bf26e17fcd5afc7419170230c810dd11f5c1792e2263e2970cca8d659eb84fcd9acc301edb6d310096e450277d54be4f57071b0c82d9
  languageName: node
  linkType: hard

"js-cookie@npm:^2.2.1":
  version: 2.2.1
  resolution: "js-cookie@npm:2.2.1"
  checksum: 10c0/ee67fc0f8495d0800b851910b5eb5bf49d3033adff6493d55b5c097ca6da46f7fe666b10e2ecb13cfcaf5b88d71c205ce00a7e646de791689bfd053bbb36a376
  languageName: node
  linkType: hard

"locutus@npm:^2.0.11":
  version: 2.0.16
  resolution: "locutus@npm:2.0.16"
  checksum: 10c0/46559f449e3624610272cb6061fe5b55bfb21323741238526a115026f31e5352e7cffe9c162e1eb727fbf22529953280a2a326ec0d55ae4aa482d294c9c1ad97
  languageName: node
  linkType: hard

"lru-fast@npm:^0.2.2":
  version: 0.2.2
  resolution: "lru-fast@npm:0.2.2"
  checksum: 10c0/425910698dba015e284d03bad98376092667ae960901170e157844e0fc961e39fe79bdc96dead09d324f1363d7db3e999cd769046caf7cf4cb14776df7e2c9b7
  languageName: node
  linkType: hard

"magnific-popup@npm:^1.1.0":
  version: 1.1.0
  resolution: "magnific-popup@npm:1.1.0"
  checksum: 10c0/3341ce714aac13a2bd5a7138ae05a428fdce2e782dcd0992c1303c3848b9f4525e44e8189e20d43fc8c19c57ad4d7af856703ac2fe6ef3bdfb81641dec209ca9
  languageName: node
  linkType: hard

"minimatch@npm:3.0.x":
  version: 3.0.8
  resolution: "minimatch@npm:3.0.8"
  dependencies:
    brace-expansion: "npm:^1.1.7"
  checksum: 10c0/72b226f452dcfb5075255f53534cb83fc25565b909e79b9be4fad463d735cb1084827f7013ff41d050e77ee6e474408c6073473edd2fb72c2fd630cfb0acc6ad
  languageName: node
  linkType: hard

"normalize.css@npm:^8.0.1":
  version: 8.0.1
  resolution: "normalize.css@npm:8.0.1"
  checksum: 10c0/4ddf56d1af5ca755fa5e692e718316d8758ecb792aa96e1ad206824b5810a043763d681d6f7697d46573515f5e9690038b4c91a95c1997567128815545fb8cd7
  languageName: node
  linkType: hard

"regenerator-runtime@npm:^0.14.0":
  version: 0.14.0
  resolution: "regenerator-runtime@npm:0.14.0"
  checksum: 10c0/e25f062c1a183f81c99681691a342760e65c55e8d3a4d4fe347ebe72433b123754b942b70b622959894e11f8a9131dc549bd3c9a5234677db06a4af42add8d12
  languageName: node
  linkType: hard

"seblucas-cops@workspace:.":
  version: 0.0.0-use.local
  resolution: "seblucas-cops@workspace:."
  dependencies:
    bootstrap: "npm:^3.4.1"
    corejs-typeahead: "npm:^1.3.3"
    dot: "npm:^1.1.3"
    jquery: "npm:^3.7.1"
    js-cookie: "npm:^2.2.1"
    lru-fast: "npm:^0.2.2"
    magnific-popup: "npm:^1.1.0"
    normalize.css: "npm:^8.0.1"
    twig: "npm:^1.17.1"
  languageName: unknown
  linkType: soft

"twig@npm:^1.17.1":
  version: 1.17.1
  resolution: "twig@npm:1.17.1"
  dependencies:
    "@babel/runtime": "npm:^7.8.4"
    locutus: "npm:^2.0.11"
    minimatch: "npm:3.0.x"
    walk: "npm:2.3.x"
  bin:
    twigjs: bin/twigjs
  checksum: 10c0/b932a935e9444fbdc2a0dbfc47fd4da14459f6011f4f65786b39c69a26278092707f5b05c92f7e55c88c2623039e9e9cd8a9ce1d6cf4010763d4a976d61c65dd
  languageName: node
  linkType: hard

"walk@npm:2.3.x":
  version: 2.3.15
  resolution: "walk@npm:2.3.15"
  dependencies:
    foreachasync: "npm:^3.0.0"
  checksum: 10c0/c390221ff6fdb8e95f9b03d90fa9980edc2c01ce9efac44c0ade2036ee2823bf2bc9abfae388bdf64ab59e9262610e7cf6634ad54acac018e62621b85edad2cf
  languageName: node
  linkType: hard
