# This file is generated by running "yarn install" inside your project.
# Manual changes might be lost - proceed with caution!

__metadata:
  version: 6
  cacheKey: 8

"@babel/runtime@npm:^7.8.4":
  version: 7.22.15
  resolution: "@babel/runtime@npm:7.22.15"
  dependencies:
    regenerator-runtime: ^0.14.0
  checksum: 793296df1e41599a935a3d77ec01eb6088410d3fd4dbe4e92f06c6b7bb2f8355024e6d78621a3a35f44e0e23b0b59107f23d585384df4f3123256a1e1492040e
  languageName: node
  linkType: hard

"balanced-match@npm:^1.0.0":
  version: 1.0.2
  resolution: "balanced-match@npm:1.0.2"
  checksum: 9706c088a283058a8a99e0bf91b0a2f75497f185980d9ffa8b304de1d9e58ebda7c72c07ebf01dadedaac5b2907b2c6f566f660d62bd336c3468e960403b9d65
  languageName: node
  linkType: hard

"bootstrap@npm:^3.4.1":
  version: 3.4.1
  resolution: "bootstrap@npm:3.4.1"
  checksum: 5742035e8c541cd525780542771e7d56f63e5d4b2d902427bf182d3383e74a17c9074b6809f50d7f3de0585377e673339628b97cfdcde597ad69ecb1d2b562a6
  languageName: node
  linkType: hard

"brace-expansion@npm:^1.1.7":
  version: 1.1.11
  resolution: "brace-expansion@npm:1.1.11"
  dependencies:
    balanced-match: ^1.0.0
    concat-map: 0.0.1
  checksum: faf34a7bb0c3fcf4b59c7808bc5d2a96a40988addf2e7e09dfbb67a2251800e0d14cd2bfc1aa79174f2f5095c54ff27f46fb1289fe2d77dac755b5eb3434cc07
  languageName: node
  linkType: hard

"concat-map@npm:0.0.1":
  version: 0.0.1
  resolution: "concat-map@npm:0.0.1"
  checksum: 902a9f5d8967a3e2faf138d5cb784b9979bad2e6db5357c5b21c568df4ebe62bcb15108af1b2253744844eb964fc023fbd9afbbbb6ddd0bcc204c6fb5b7bf3af
  languageName: node
  linkType: hard

"corejs-typeahead@npm:^1.3.3":
  version: 1.3.3
  resolution: "corejs-typeahead@npm:1.3.3"
  dependencies:
    jquery: ">=1.11"
  checksum: bc627f9475ee29644db332ce843b7b3ccbdd25368a3ecd3d4f2d93d739336e29e603c3c48c21ee6c2e2a313a5935c395554f49edc9dd4a397e6e417c530d58ba
  languageName: node
  linkType: hard

"dot@npm:^1.1.3":
  version: 1.1.3
  resolution: "dot@npm:1.1.3"
  bin:
    dottojs: ./bin/dot-packer
  checksum: 9a2ecf7b5ff8c5121481702e9fdc7eb802ebf5b9e318a73631f70cb9484c7bb6973322912c173f5fa52d1f9408eaef4d6468e9ef8af3899664f4d42091f5f868
  languageName: node
  linkType: hard

"foreachasync@npm:^3.0.0":
  version: 3.0.0
  resolution: "foreachasync@npm:3.0.0"
  checksum: 4791f64b539b06c751b14adb2881173c780d41ce37d881715a5e5787fa4a08961f2c6a6cf3bccdfa48e56fb91d8676d867fdc63c008cdb576bd33261716e8381
  languageName: node
  linkType: hard

"jquery@npm:>=1.11":
  version: 3.7.0
  resolution: "jquery@npm:3.7.0"
  checksum: 907785e133afc427650a131af5fccef66a404885037513b3d4d7d63aee6409bcc32a39836868c60e59b05aa0fb8ace8961c18b2ee3ffdf6ffdb571d6d7cd88ff
  languageName: node
  linkType: hard

"jquery@npm:^3.7.1":
  version: 3.7.1
  resolution: "jquery@npm:3.7.1"
  checksum: 4370b8139d6ae82867eb6f7f21d1edccf1d1bdf41c0840920ea80d366c2cd5dbe1ceebb110ee9772aa839b04400faa1572c5c560b507c688ed7b61cea26c0e27
  languageName: node
  linkType: hard

"js-cookie@npm:^2.2.1":
  version: 2.2.1
  resolution: "js-cookie@npm:2.2.1"
  checksum: 9b1fb980a1c5e624fd4b28ea4867bb30c71e04c4484bb3a42766344c533faa684de9498e443425479ec68609e96e27b60614bfe354877c449c631529b6d932f2
  languageName: node
  linkType: hard

"locutus@npm:^2.0.11":
  version: 2.0.16
  resolution: "locutus@npm:2.0.16"
  checksum: 69eaaf119462d54fd55d1f23c15df8365a36c610520a30d7a456046369dae7530ece938783cda7f5e051a0c15655bb2c15110b3ef725fb46a762975be3b50d07
  languageName: node
  linkType: hard

"lru-fast@npm:^0.2.2":
  version: 0.2.2
  resolution: "lru-fast@npm:0.2.2"
  checksum: 31b375e3ebb8daab10fe0d103e2a3f01f3d7c934d852f4530fd1efa74da41a0d0171c1ef76d739b5e7eb63aef9f10ae7bafab5f613a7e3edb9f8ad0dee7ff84c
  languageName: node
  linkType: hard

"magnific-popup@npm:^1.1.0":
  version: 1.1.0
  resolution: "magnific-popup@npm:1.1.0"
  checksum: 97ff185208d5fc3c49ba2f7b22d9353c1d21ca1a6daf07fae0ef07dda07281f174e3da0ad4e7f04c5f5cf332a611f0f64c3db444002d12f9de37ab14999f0a06
  languageName: node
  linkType: hard

"minimatch@npm:3.0.x":
  version: 3.0.8
  resolution: "minimatch@npm:3.0.8"
  dependencies:
    brace-expansion: ^1.1.7
  checksum: 850cca179cad715133132693e6963b0db64ab0988c4d211415b087fc23a3e46321e2c5376a01bf5623d8782aba8bdf43c571e2e902e51fdce7175c7215c29f8b
  languageName: node
  linkType: hard

"normalize.css@npm:^8.0.1":
  version: 8.0.1
  resolution: "normalize.css@npm:8.0.1"
  checksum: 4698cae88ec35e3f3e82f9f9402e6ffb906c27ccd6373cad88e6b3f5634fc7a043cb38702472299e5edb73825cf8b18d5fd9283f58829eddda79ea97453049a2
  languageName: node
  linkType: hard

"regenerator-runtime@npm:^0.14.0":
  version: 0.14.0
  resolution: "regenerator-runtime@npm:0.14.0"
  checksum: 1c977ad82a82a4412e4f639d65d22be376d3ebdd30da2c003eeafdaaacd03fc00c2320f18120007ee700900979284fc78a9f00da7fb593f6e6eeebc673fba9a3
  languageName: node
  linkType: hard

"seblucas-cops@workspace:.":
  version: 0.0.0-use.local
  resolution: "seblucas-cops@workspace:."
  dependencies:
    bootstrap: ^3.4.1
    corejs-typeahead: ^1.3.3
    dot: ^1.1.3
    jquery: ^3.7.1
    js-cookie: ^2.2.1
    lru-fast: ^0.2.2
    magnific-popup: ^1.1.0
    normalize.css: ^8.0.1
    twig: ^1.16.0
  languageName: unknown
  linkType: soft

"twig@npm:^1.16.0":
  version: 1.16.0
  resolution: "twig@npm:1.16.0"
  dependencies:
    "@babel/runtime": ^7.8.4
    locutus: ^2.0.11
    minimatch: 3.0.x
    walk: 2.3.x
  bin:
    twigjs: bin/twigjs
  checksum: 4d9323ec913e886df44ef6f104b4be6124f770fbe963fa9a2c00cfabdfebfab48587b3e8196407893a1a2707f0eaf7bd4c6f71ebdc670e2e742a900e89b1127b
  languageName: node
  linkType: hard

"walk@npm:2.3.x":
  version: 2.3.15
  resolution: "walk@npm:2.3.15"
  dependencies:
    foreachasync: ^3.0.0
  checksum: d494df1924656cc4881ff8f70474f80be10d07d0c899620e02ff8627e4f339f37e74d1b30b70e7a714d0b873b0dc8b20129a619c4b407b39949c756637ebe3a6
  languageName: node
  linkType: hard
